// !$*UTF8*$!
{
	archiveVersion = 1;
	classes = {
	};
	objectVersion = 46;
	objects = {

/* Begin PBXBuildFile section */
		DC55A7F418B36AA9006214BF /* Foundation.framework in Frameworks */ = {isa = PBXBuildFile; fileRef = DC55A7F318B36AA9006214BF /* Foundation.framework */; };
		DC55A7F618B36AA9006214BF /* CoreGraphics.framework in Frameworks */ = {isa = PBXBuildFile; fileRef = DC55A7F518B36AA9006214BF /* CoreGraphics.framework */; };
		DC55A7F818B36AA9006214BF /* UIKit.framework in Frameworks */ = {isa = PBXBuildFile; fileRef = DC55A7F718B36AA9006214BF /* UIKit.framework */; };
		DC55A7FE18B36AA9006214BF /* InfoPlist.strings in Resources */ = {isa = PBXBuildFile; fileRef = DC55A7FC18B36AA9006214BF /* InfoPlist.strings */; };
		DC55A80018B36AA9006214BF /* main.m in Sources */ = {isa = PBXBuildFile; fileRef = DC55A7FF18B36AA9006214BF /* main.m */; };
		DC55A80418B36AA9006214BF /* AppDelegate.m in Sources */ = {isa = PBXBuildFile; fileRef = DC55A80318B36AA9006214BF /* AppDelegate.m */; };
		DC55A80718B36AAA006214BF /* Main.storyboard in Resources */ = {isa = PBXBuildFile; fileRef = DC55A80518B36AAA006214BF /* Main.storyboard */; };
		DC55A80A18B36AAA006214BF /* ViewController.m in Sources */ = {isa = PBXBuildFile; fileRef = DC55A80918B36AAA006214BF /* ViewController.m */; };
		DC55A80C18B36AAA006214BF /* Images.xcassets in Resources */ = {isa = PBXBuildFile; fileRef = DC55A80B18B36AAA006214BF /* Images.xcassets */; };
		DC55A81318B36AAA006214BF /* XCTest.framework in Frameworks */ = {isa = PBXBuildFile; fileRef = DC55A81218B36AAA006214BF /* XCTest.framework */; };
		DC55A81418B36AAA006214BF /* Foundation.framework in Frameworks */ = {isa = PBXBuildFile; fileRef = DC55A7F318B36AA9006214BF /* Foundation.framework */; };
		DC55A81518B36AAA006214BF /* UIKit.framework in Frameworks */ = {isa = PBXBuildFile; fileRef = DC55A7F718B36AA9006214BF /* UIKit.framework */; };
		DC55A81D18B36AAA006214BF /* InfoPlist.strings in Resources */ = {isa = PBXBuildFile; fileRef = DC55A81B18B36AAA006214BF /* InfoPlist.strings */; };
		DC55A81F18B36AAA006214BF /* QuizTests.m in Sources */ = {isa = PBXBuildFile; fileRef = DC55A81E18B36AAA006214BF /* QuizTests.m */; };
		DC55A82B18B36B9B006214BF /* CoreBluetooth.framework in Frameworks */ = {isa = PBXBuildFile; fileRef = DC55A82A18B36B9B006214BF /* CoreBluetooth.framework */; };
		DC55A82D18B36BA5006214BF /* CoreLocation.framework in Frameworks */ = {isa = PBXBuildFile; fileRef = DC55A82C18B36BA5006214BF /* CoreLocation.framework */; };
		DC55A82F18B36BAE006214BF /* SystemConfiguration.framework in Frameworks */ = {isa = PBXBuildFile; fileRef = DC55A82E18B36BAE006214BF /* SystemConfiguration.framework */; };
		DC55A83118B391C0006214BF /* libEstimoteSDK.a in Frameworks */ = {isa = PBXBuildFile; fileRef = DC55A83018B391C0006214BF /* libEstimoteSDK.a */; };
		DC55A83518B50991006214BF /* CoreData.framework in Frameworks */ = {isa = PBXBuildFile; fileRef = DC55A83418B50991006214BF /* CoreData.framework */; };
		DC55A84518B6343E006214BF /* StartViewController.m in Sources */ = {isa = PBXBuildFile; fileRef = DC55A84418B6343E006214BF /* StartViewController.m */; };
		DC55A84718B646B5006214BF /* CoreAudio.framework in Frameworks */ = {isa = PBXBuildFile; fileRef = DC55A84618B646B5006214BF /* CoreAudio.framework */; };
		DC55A84918B64721006214BF /* AudioToolbox.framework in Frameworks */ = {isa = PBXBuildFile; fileRef = DC55A84818B64721006214BF /* AudioToolbox.framework */; };
/* End PBXBuildFile section */

/* Begin PBXContainerItemProxy section */
		DC55A81618B36AAA006214BF /* PBXContainerItemProxy */ = {
			isa = PBXContainerItemProxy;
			containerPortal = DC55A7E818B36AA9006214BF /* Project object */;
			proxyType = 1;
			remoteGlobalIDString = DC55A7EF18B36AA9006214BF;
			remoteInfo = Quiz;
		};
/* End PBXContainerItemProxy section */

/* Begin PBXFileReference section */
		DC55A7F018B36AA9006214BF /* Quiz.app */ = {isa = PBXFileReference; explicitFileType = wrapper.application; includeInIndex = 0; path = Quiz.app; sourceTree = BUILT_PRODUCTS_DIR; };
		DC55A7F318B36AA9006214BF /* Foundation.framework */ = {isa = PBXFileReference; lastKnownFileType = wrapper.framework; name = Foundation.framework; path = System/Library/Frameworks/Foundation.framework; sourceTree = SDKROOT; };
		DC55A7F518B36AA9006214BF /* CoreGraphics.framework */ = {isa = PBXFileReference; lastKnownFileType = wrapper.framework; name = CoreGraphics.framework; path = System/Library/Frameworks/CoreGraphics.framework; sourceTree = SDKROOT; };
		DC55A7F718B36AA9006214BF /* UIKit.framework */ = {isa = PBXFileReference; lastKnownFileType = wrapper.framework; name = UIKit.framework; path = System/Library/Frameworks/UIKit.framework; sourceTree = SDKROOT; };
		DC55A7FB18B36AA9006214BF /* Quiz-Info.plist */ = {isa = PBXFileReference; lastKnownFileType = text.plist.xml; path = "Quiz-Info.plist"; sourceTree = "<group>"; };
		DC55A7FD18B36AA9006214BF /* en */ = {isa = PBXFileReference; lastKnownFileType = text.plist.strings; name = en; path = en.lproj/InfoPlist.strings; sourceTree = "<group>"; };
		DC55A7FF18B36AA9006214BF /* main.m */ = {isa = PBXFileReference; lastKnownFileType = sourcecode.c.objc; path = main.m; sourceTree = "<group>"; };
		DC55A80118B36AA9006214BF /* Quiz-Prefix.pch */ = {isa = PBXFileReference; lastKnownFileType = sourcecode.c.h; path = "Quiz-Prefix.pch"; sourceTree = "<group>"; };
		DC55A80218B36AA9006214BF /* AppDelegate.h */ = {isa = PBXFileReference; lastKnownFileType = sourcecode.c.h; path = AppDelegate.h; sourceTree = "<group>"; };
		DC55A80318B36AA9006214BF /* AppDelegate.m */ = {isa = PBXFileReference; lastKnownFileType = sourcecode.c.objc; path = AppDelegate.m; sourceTree = "<group>"; };
		DC55A80618B36AAA006214BF /* Base */ = {isa = PBXFileReference; lastKnownFileType = file.storyboard; name = Base; path = Base.lproj/Main.storyboard; sourceTree = "<group>"; };
		DC55A80818B36AAA006214BF /* ViewController.h */ = {isa = PBXFileReference; lastKnownFileType = sourcecode.c.h; path = ViewController.h; sourceTree = "<group>"; };
		DC55A80918B36AAA006214BF /* ViewController.m */ = {isa = PBXFileReference; lastKnownFileType = sourcecode.c.objc; path = ViewController.m; sourceTree = "<group>"; };
		DC55A80B18B36AAA006214BF /* Images.xcassets */ = {isa = PBXFileReference; lastKnownFileType = folder.assetcatalog; path = Images.xcassets; sourceTree = "<group>"; };
		DC55A81118B36AAA006214BF /* QuizTests.xctest */ = {isa = PBXFileReference; explicitFileType = wrapper.cfbundle; includeInIndex = 0; path = QuizTests.xctest; sourceTree = BUILT_PRODUCTS_DIR; };
		DC55A81218B36AAA006214BF /* XCTest.framework */ = {isa = PBXFileReference; lastKnownFileType = wrapper.framework; name = XCTest.framework; path = Library/Frameworks/XCTest.framework; sourceTree = DEVELOPER_DIR; };
		DC55A81A18B36AAA006214BF /* QuizTests-Info.plist */ = {isa = PBXFileReference; lastKnownFileType = text.plist.xml; path = "QuizTests-Info.plist"; sourceTree = "<group>"; };
		DC55A81C18B36AAA006214BF /* en */ = {isa = PBXFileReference; lastKnownFileType = text.plist.strings; name = en; path = en.lproj/InfoPlist.strings; sourceTree = "<group>"; };
		DC55A81E18B36AAA006214BF /* QuizTests.m */ = {isa = PBXFileReference; lastKnownFileType = sourcecode.c.objc; path = QuizTests.m; sourceTree = "<group>"; };
		DC55A82818B36B8E006214BF /* libEstimoteSDK.a */ = {isa = PBXFileReference; lastKnownFileType = archive.ar; name = libEstimoteSDK.a; path = Quiz/EstimoteSDK/libEstimoteSDK.a; sourceTree = "<group>"; };
		DC55A82A18B36B9B006214BF /* CoreBluetooth.framework */ = {isa = PBXFileReference; lastKnownFileType = wrapper.framework; name = CoreBluetooth.framework; path = System/Library/Frameworks/CoreBluetooth.framework; sourceTree = SDKROOT; };
		DC55A82C18B36BA5006214BF /* CoreLocation.framework */ = {isa = PBXFileReference; lastKnownFileType = wrapper.framework; name = CoreLocation.framework; path = System/Library/Frameworks/CoreLocation.framework; sourceTree = SDKROOT; };
		DC55A82E18B36BAE006214BF /* SystemConfiguration.framework */ = {isa = PBXFileReference; lastKnownFileType = wrapper.framework; name = SystemConfiguration.framework; path = System/Library/Frameworks/SystemConfiguration.framework; sourceTree = SDKROOT; };
		DC55A83018B391C0006214BF /* libEstimoteSDK.a */ = {isa = PBXFileReference; lastKnownFileType = archive.ar; name = libEstimoteSDK.a; path = ../EstimoteSDK/libEstimoteSDK.a; sourceTree = "<group>"; };
		DC55A83418B50991006214BF /* CoreData.framework */ = {isa = PBXFileReference; lastKnownFileType = wrapper.framework; name = CoreData.framework; path = System/Library/Frameworks/CoreData.framework; sourceTree = SDKROOT; };
		DC55A84318B6343E006214BF /* StartViewController.h */ = {isa = PBXFileReference; fileEncoding = 4; lastKnownFileType = sourcecode.c.h; path = StartViewController.h; sourceTree = "<group>"; };
		DC55A84418B6343E006214BF /* StartViewController.m */ = {isa = PBXFileReference; fileEncoding = 4; lastKnownFileType = sourcecode.c.objc; path = StartViewController.m; sourceTree = "<group>"; };
		DC55A84618B646B5006214BF /* CoreAudio.framework */ = {isa = PBXFileReference; lastKnownFileType = wrapper.framework; name = CoreAudio.framework; path = System/Library/Frameworks/CoreAudio.framework; sourceTree = SDKROOT; };
		DC55A84818B64721006214BF /* AudioToolbox.framework */ = {isa = PBXFileReference; lastKnownFileType = wrapper.framework; name = AudioToolbox.framework; path = System/Library/Frameworks/AudioToolbox.framework; sourceTree = SDKROOT; };
/* End PBXFileReference section */

/* Begin PBXFrameworksBuildPhase section */
		DC55A7ED18B36AA9006214BF /* Frameworks */ = {
			isa = PBXFrameworksBuildPhase;
			buildActionMask = 2147483647;
			files = (
				DC55A84918B64721006214BF /* AudioToolbox.framework in Frameworks */,
				DC55A84718B646B5006214BF /* CoreAudio.framework in Frameworks */,
				DC55A83518B50991006214BF /* CoreData.framework in Frameworks */,
				DC55A83118B391C0006214BF /* libEstimoteSDK.a in Frameworks */,
				DC55A82F18B36BAE006214BF /* SystemConfiguration.framework in Frameworks */,
				DC55A82D18B36BA5006214BF /* CoreLocation.framework in Frameworks */,
				DC55A82B18B36B9B006214BF /* CoreBluetooth.framework in Frameworks */,
				DC55A7F618B36AA9006214BF /* CoreGraphics.framework in Frameworks */,
				DC55A7F818B36AA9006214BF /* UIKit.framework in Frameworks */,
				DC55A7F418B36AA9006214BF /* Foundation.framework in Frameworks */,
			);
			runOnlyForDeploymentPostprocessing = 0;
		};
		DC55A80E18B36AAA006214BF /* Frameworks */ = {
			isa = PBXFrameworksBuildPhase;
			buildActionMask = 2147483647;
			files = (
				DC55A81318B36AAA006214BF /* XCTest.framework in Frameworks */,
				DC55A81518B36AAA006214BF /* UIKit.framework in Frameworks */,
				DC55A81418B36AAA006214BF /* Foundation.framework in Frameworks */,
			);
			runOnlyForDeploymentPostprocessing = 0;
		};
/* End PBXFrameworksBuildPhase section */

/* Begin PBXGroup section */
		DC55A7E718B36AA9006214BF = {
			isa = PBXGroup;
			children = (
				DC55A7F918B36AA9006214BF /* Quiz */,
				DC55A81818B36AAA006214BF /* QuizTests */,
				DC55A7F218B36AA9006214BF /* Frameworks */,
				DC55A7F118B36AA9006214BF /* Products */,
			);
			sourceTree = "<group>";
		};
		DC55A7F118B36AA9006214BF /* Products */ = {
			isa = PBXGroup;
			children = (
				DC55A7F018B36AA9006214BF /* Quiz.app */,
				DC55A81118B36AAA006214BF /* QuizTests.xctest */,
			);
			name = Products;
			sourceTree = "<group>";
		};
		DC55A7F218B36AA9006214BF /* Frameworks */ = {
			isa = PBXGroup;
			children = (
				DC55A84818B64721006214BF /* AudioToolbox.framework */,
				DC55A84618B646B5006214BF /* CoreAudio.framework */,
				DC55A83418B50991006214BF /* CoreData.framework */,
				DC55A83018B391C0006214BF /* libEstimoteSDK.a */,
				DC55A82E18B36BAE006214BF /* SystemConfiguration.framework */,
				DC55A82C18B36BA5006214BF /* CoreLocation.framework */,
				DC55A82A18B36B9B006214BF /* CoreBluetooth.framework */,
				DC55A82818B36B8E006214BF /* libEstimoteSDK.a */,
				DC55A7F318B36AA9006214BF /* Foundation.framework */,
				DC55A7F518B36AA9006214BF /* CoreGraphics.framework */,
				DC55A7F718B36AA9006214BF /* UIKit.framework */,
				DC55A81218B36AAA006214BF /* XCTest.framework */,
			);
			name = Frameworks;
			sourceTree = "<group>";
		};
		DC55A7F918B36AA9006214BF /* Quiz */ = {
			isa = PBXGroup;
			children = (
				DC55A80218B36AA9006214BF /* AppDelegate.h */,
				DC55A80318B36AA9006214BF /* AppDelegate.m */,
				DC55A84318B6343E006214BF /* StartViewController.h */,
				DC55A84418B6343E006214BF /* StartViewController.m */,
				DC55A80818B36AAA006214BF /* ViewController.h */,
				DC55A80918B36AAA006214BF /* ViewController.m */,
				DC55A83218B4BCFE006214BF /* Resources */,
				DC55A7FA18B36AA9006214BF /* Supporting Files */,
			);
			path = Quiz;
			sourceTree = "<group>";
		};
		DC55A7FA18B36AA9006214BF /* Supporting Files */ = {
			isa = PBXGroup;
			children = (
				DC55A7FB18B36AA9006214BF /* Quiz-Info.plist */,
				DC55A7FC18B36AA9006214BF /* InfoPlist.strings */,
				DC55A7FF18B36AA9006214BF /* main.m */,
				DC55A80118B36AA9006214BF /* Quiz-Prefix.pch */,
			);
			name = "Supporting Files";
			sourceTree = "<group>";
		};
		DC55A81818B36AAA006214BF /* QuizTests */ = {
			isa = PBXGroup;
			children = (
				DC55A81E18B36AAA006214BF /* QuizTests.m */,
				DC55A81918B36AAA006214BF /* Supporting Files */,
			);
			path = QuizTests;
			sourceTree = "<group>";
		};
		DC55A81918B36AAA006214BF /* Supporting Files */ = {
			isa = PBXGroup;
			children = (
				DC55A81A18B36AAA006214BF /* QuizTests-Info.plist */,
				DC55A81B18B36AAA006214BF /* InfoPlist.strings */,
			);
			name = "Supporting Files";
			sourceTree = "<group>";
		};
		DC55A83218B4BCFE006214BF /* Resources */ = {
			isa = PBXGroup;
			children = (
				DC55A83318B4BD17006214BF /* Storyboards */,
				DC55A80B18B36AAA006214BF /* Images.xcassets */,
			);
			name = Resources;
			sourceTree = "<group>";
		};
		DC55A83318B4BD17006214BF /* Storyboards */ = {
			isa = PBXGroup;
			children = (
				DC55A80518B36AAA006214BF /* Main.storyboard */,
			);
			name = Storyboards;
			sourceTree = "<group>";
		};
/* End PBXGroup section */

/* Begin PBXNativeTarget section */
		DC55A7EF18B36AA9006214BF /* Quiz */ = {
			isa = PBXNativeTarget;
			buildConfigurationList = DC55A82218B36AAA006214BF /* Build configuration list for PBXNativeTarget "Quiz" */;
			buildPhases = (
				DC55A7EC18B36AA9006214BF /* Sources */,
				DC55A7ED18B36AA9006214BF /* Frameworks */,
				DC55A7EE18B36AA9006214BF /* Resources */,
			);
			buildRules = (
			);
			dependencies = (
			);
			name = Quiz;
			productName = Quiz;
			productReference = DC55A7F018B36AA9006214BF /* Quiz.app */;
			productType = "com.apple.product-type.application";
		};
		DC55A81018B36AAA006214BF /* QuizTests */ = {
			isa = PBXNativeTarget;
			buildConfigurationList = DC55A82518B36AAA006214BF /* Build configuration list for PBXNativeTarget "QuizTests" */;
			buildPhases = (
				DC55A80D18B36AAA006214BF /* Sources */,
				DC55A80E18B36AAA006214BF /* Frameworks */,
				DC55A80F18B36AAA006214BF /* Resources */,
			);
			buildRules = (
			);
			dependencies = (
				DC55A81718B36AAA006214BF /* PBXTargetDependency */,
			);
			name = QuizTests;
			productName = QuizTests;
			productReference = DC55A81118B36AAA006214BF /* QuizTests.xctest */;
			productType = "com.apple.product-type.bundle.unit-test";
		};
/* End PBXNativeTarget section */

/* Begin PBXProject section */
		DC55A7E818B36AA9006214BF /* Project object */ = {
			isa = PBXProject;
			attributes = {
				LastUpgradeCheck = 0500;
				ORGANIZATIONNAME = LBi;
				TargetAttributes = {
					DC55A7EF18B36AA9006214BF = {
						DevelopmentTeam = WVTVV6J54M;
					};
					DC55A81018B36AAA006214BF = {
						TestTargetID = DC55A7EF18B36AA9006214BF;
					};
				};
			};
			buildConfigurationList = DC55A7EB18B36AA9006214BF /* Build configuration list for PBXProject "Quiz" */;
			compatibilityVersion = "Xcode 3.2";
			developmentRegion = English;
			hasScannedForEncodings = 0;
			knownRegions = (
				en,
				Base,
			);
			mainGroup = DC55A7E718B36AA9006214BF;
			productRefGroup = DC55A7F118B36AA9006214BF /* Products */;
			projectDirPath = "";
			projectRoot = "";
			targets = (
				DC55A7EF18B36AA9006214BF /* Quiz */,
				DC55A81018B36AAA006214BF /* QuizTests */,
			);
		};
/* End PBXProject section */

/* Begin PBXResourcesBuildPhase section */
		DC55A7EE18B36AA9006214BF /* Resources */ = {
			isa = PBXResourcesBuildPhase;
			buildActionMask = 2147483647;
			files = (
				DC55A80C18B36AAA006214BF /* Images.xcassets in Resources */,
				DC55A7FE18B36AA9006214BF /* InfoPlist.strings in Resources */,
				DC55A80718B36AAA006214BF /* Main.storyboard in Resources */,
			);
			runOnlyForDeploymentPostprocessing = 0;
		};
		DC55A80F18B36AAA006214BF /* Resources */ = {
			isa = PBXResourcesBuildPhase;
			buildActionMask = 2147483647;
			files = (
				DC55A81D18B36AAA006214BF /* InfoPlist.strings in Resources */,
			);
			runOnlyForDeploymentPostprocessing = 0;
		};
/* End PBXResourcesBuildPhase section */

/* Begin PBXSourcesBuildPhase section */
		DC55A7EC18B36AA9006214BF /* Sources */ = {
			isa = PBXSourcesBuildPhase;
			buildActionMask = 2147483647;
			files = (
				DC55A80A18B36AAA006214BF /* ViewController.m in Sources */,
				DC55A84518B6343E006214BF /* StartViewController.m in Sources */,
				DC55A80418B36AA9006214BF /* AppDelegate.m in Sources */,
				DC55A80018B36AA9006214BF /* main.m in Sources */,
			);
			runOnlyForDeploymentPostprocessing = 0;
		};
		DC55A80D18B36AAA006214BF /* Sources */ = {
			isa = PBXSourcesBuildPhase;
			buildActionMask = 2147483647;
			files = (
				DC55A81F18B36AAA006214BF /* QuizTests.m in Sources */,
			);
			runOnlyForDeploymentPostprocessing = 0;
		};
/* End PBXSourcesBuildPhase section */

/* Begin PBXTargetDependency section */
		DC55A81718B36AAA006214BF /* PBXTargetDependency */ = {
			isa = PBXTargetDependency;
			target = DC55A7EF18B36AA9006214BF /* Quiz */;
			targetProxy = DC55A81618B36AAA006214BF /* PBXContainerItemProxy */;
		};
/* End PBXTargetDependency section */

/* Begin PBXVariantGroup section */
		DC55A7FC18B36AA9006214BF /* InfoPlist.strings */ = {
			isa = PBXVariantGroup;
			children = (
				DC55A7FD18B36AA9006214BF /* en */,
			);
			name = InfoPlist.strings;
			sourceTree = "<group>";
		};
		DC55A80518B36AAA006214BF /* Main.storyboard */ = {
			isa = PBXVariantGroup;
			children = (
				DC55A80618B36AAA006214BF /* Base */,
			);
			name = Main.storyboard;
			sourceTree = "<group>";
		};
		DC55A81B18B36AAA006214BF /* InfoPlist.strings */ = {
			isa = PBXVariantGroup;
			children = (
				DC55A81C18B36AAA006214BF /* en */,
			);
			name = InfoPlist.strings;
			sourceTree = "<group>";
		};
/* End PBXVariantGroup section */

/* Begin XCBuildConfiguration section */
		DC55A82018B36AAA006214BF /* Debug */ = {
			isa = XCBuildConfiguration;
			buildSettings = {
				ALWAYS_SEARCH_USER_PATHS = NO;
				ARCHS = "$(ARCHS_STANDARD_INCLUDING_64_BIT)";
				CLANG_CXX_LANGUAGE_STANDARD = "gnu++0x";
				CLANG_CXX_LIBRARY = "libc++";
				CLANG_ENABLE_MODULES = YES;
				CLANG_ENABLE_OBJC_ARC = YES;
				CLANG_WARN_BOOL_CONVERSION = YES;
				CLANG_WARN_CONSTANT_CONVERSION = YES;
				CLANG_WARN_DIRECT_OBJC_ISA_USAGE = YES_ERROR;
				CLANG_WARN_EMPTY_BODY = YES;
				CLANG_WARN_ENUM_CONVERSION = YES;
				CLANG_WARN_INT_CONVERSION = YES;
				CLANG_WARN_OBJC_ROOT_CLASS = YES_ERROR;
				CLANG_WARN__DUPLICATE_METHOD_MATCH = YES;
				"CODE_SIGN_IDENTITY[sdk=iphoneos*]" = "iPhone Developer";
				COPY_PHASE_STRIP = NO;
				GCC_C_LANGUAGE_STANDARD = gnu99;
				GCC_DYNAMIC_NO_PIC = NO;
				GCC_OPTIMIZATION_LEVEL = 0;
				GCC_PREPROCESSOR_DEFINITIONS = (
					"DEBUG=1",
					"$(inherited)",
				);
				GCC_SYMBOLS_PRIVATE_EXTERN = NO;
				GCC_WARN_64_TO_32_BIT_CONVERSION = YES;
				GCC_WARN_ABOUT_RETURN_TYPE = YES_ERROR;
				GCC_WARN_UNDECLARED_SELECTOR = YES;
				GCC_WARN_UNINITIALIZED_AUTOS = YES;
				GCC_WARN_UNUSED_FUNCTION = YES;
				GCC_WARN_UNUSED_VARIABLE = YES;
				IPHONEOS_DEPLOYMENT_TARGET = 7.0;
				ONLY_ACTIVE_ARCH = YES;
				SDKROOT = iphoneos;
			};
			name = Debug;
		};
		DC55A82118B36AAA006214BF /* Release */ = {
			isa = XCBuildConfiguration;
			buildSettings = {
				ALWAYS_SEARCH_USER_PATHS = NO;
				ARCHS = "$(ARCHS_STANDARD_INCLUDING_64_BIT)";
				CLANG_CXX_LANGUAGE_STANDARD = "gnu++0x";
				CLANG_CXX_LIBRARY = "libc++";
				CLANG_ENABLE_MODULES = YES;
				CLANG_ENABLE_OBJC_ARC = YES;
				CLANG_WARN_BOOL_CONVERSION = YES;
				CLANG_WARN_CONSTANT_CONVERSION = YES;
				CLANG_WARN_DIRECT_OBJC_ISA_USAGE = YES_ERROR;
				CLANG_WARN_EMPTY_BODY = YES;
				CLANG_WARN_ENUM_CONVERSION = YES;
				CLANG_WARN_INT_CONVERSION = YES;
				CLANG_WARN_OBJC_ROOT_CLASS = YES_ERROR;
				CLANG_WARN__DUPLICATE_METHOD_MATCH = YES;
				"CODE_SIGN_IDENTITY[sdk=iphoneos*]" = "iPhone Developer";
				COPY_PHASE_STRIP = YES;
				ENABLE_NS_ASSERTIONS = NO;
				GCC_C_LANGUAGE_STANDARD = gnu99;
				GCC_WARN_64_TO_32_BIT_CONVERSION = YES;
				GCC_WARN_ABOUT_RETURN_TYPE = YES_ERROR;
				GCC_WARN_UNDECLARED_SELECTOR = YES;
				GCC_WARN_UNINITIALIZED_AUTOS = YES;
				GCC_WARN_UNUSED_FUNCTION = YES;
				GCC_WARN_UNUSED_VARIABLE = YES;
				IPHONEOS_DEPLOYMENT_TARGET = 7.0;
				SDKROOT = iphoneos;
				VALIDATE_PRODUCT = YES;
			};
			name = Release;
		};
		DC55A82318B36AAA006214BF /* Debug */ = {
			isa = XCBuildConfiguration;
			buildSettings = {
				ASSETCATALOG_COMPILER_APPICON_NAME = AppIcon;
				ASSETCATALOG_COMPILER_LAUNCHIMAGE_NAME = LaunchImage;
				CODE_SIGN_IDENTITY = "iPhone Developer";
				GCC_PRECOMPILE_PREFIX_HEADER = YES;
				GCC_PREFIX_HEADER = "Quiz/Quiz-Prefix.pch";
				INFOPLIST_FILE = "Quiz/Quiz-Info.plist";
				LIBRARY_SEARCH_PATHS = (
					"$(inherited)",
					/Users/patlan/projects/EstimoteSDK,
				);
				PRODUCT_NAME = "$(TARGET_NAME)";
				USER_HEADER_SEARCH_PATHS = "$(SRCROOT)/../EstimoteSDK/Headers";
				WRAPPER_EXTENSION = app;
			};
			name = Debug;
		};
		DC55A82418B36AAA006214BF /* Release */ = {
			isa = XCBuildConfiguration;
			buildSettings = {
				ASSETCATALOG_COMPILER_APPICON_NAME = AppIcon;
				ASSETCATALOG_COMPILER_LAUNCHIMAGE_NAME = LaunchImage;
				CODE_SIGN_IDENTITY = "iPhone Developer";
				GCC_PRECOMPILE_PREFIX_HEADER = YES;
				GCC_PREFIX_HEADER = "Quiz/Quiz-Prefix.pch";
				INFOPLIST_FILE = "Quiz/Quiz-Info.plist";
				LIBRARY_SEARCH_PATHS = (
					"$(inherited)",
					/Users/patlan/projects/EstimoteSDK,
				);
				PRODUCT_NAME = "$(TARGET_NAME)";
				USER_HEADER_SEARCH_PATHS = "$(SRCROOT)/../EstimoteSDK/Headers";
				WRAPPER_EXTENSION = app;
			};
			name = Release;
		};
		DC55A82618B36AAA006214BF /* Debug */ = {
			isa = XCBuildConfiguration;
			buildSettings = {
				ARCHS = "$(ARCHS_STANDARD_INCLUDING_64_BIT)";
				BUNDLE_LOADER = "$(BUILT_PRODUCTS_DIR)/Quiz.app/Quiz";
				FRAMEWORK_SEARCH_PATHS = (
					"$(SDKROOT)/Developer/Library/Frameworks",
					"$(inherited)",
					"$(DEVELOPER_FRAMEWORKS_DIR)",
				);
				GCC_PRECOMPILE_PREFIX_HEADER = YES;
				GCC_PREFIX_HEADER = "Quiz/Quiz-Prefix.pch";
				GCC_PREPROCESSOR_DEFINITIONS = (
					"DEBUG=1",
					"$(inherited)",
				);
				INFOPLIST_FILE = "QuizTests/QuizTests-Info.plist";
				PRODUCT_NAME = "$(TARGET_NAME)";
				TEST_HOST = "$(BUNDLE_LOADER)";
				WRAPPER_EXTENSION = xctest;
			};
			name = Debug;
		};
		DC55A82718B36AAA006214BF /* Release */ = {
			isa = XCBuildConfiguration;
			buildSettings = {
				ARCHS = "$(ARCHS_STANDARD_INCLUDING_64_BIT)";
				BUNDLE_LOADER = "$(BUILT_PRODUCTS_DIR)/Quiz.app/Quiz";
				FRAMEWORK_SEARCH_PATHS = (
					"$(SDKROOT)/Developer/Library/Frameworks",
					"$(inherited)",
					"$(DEVELOPER_FRAMEWORKS_DIR)",
				);
				GCC_PRECOMPILE_PREFIX_HEADER = YES;
				GCC_PREFIX_HEADER = "Quiz/Quiz-Prefix.pch";
				INFOPLIST_FILE = "QuizTests/QuizTests-Info.plist";
				PRODUCT_NAME = "$(TARGET_NAME)";
				TEST_HOST = "$(BUNDLE_LOADER)";
				WRAPPER_EXTENSION = xctest;
			};
			name = Release;
		};
/* End XCBuildConfiguration section */

/* Begin XCConfigurationList section */
		DC55A7EB18B36AA9006214BF /* Build configuration list for PBXProject "Quiz" */ = {
			isa = XCConfigurationList;
			buildConfigurations = (
				DC55A82018B36AAA006214BF /* Debug */,
				DC55A82118B36AAA006214BF /* Release */,
			);
			defaultConfigurationIsVisible = 0;
			defaultConfigurationName = Release;
		};
		DC55A82218B36AAA006214BF /* Build configuration list for PBXNativeTarget "Quiz" */ = {
			isa = XCConfigurationList;
			buildConfigurations = (
				DC55A82318B36AAA006214BF /* Debug */,
				DC55A82418B36AAA006214BF /* Release */,
			);
			defaultConfigurationIsVisible = 0;
		};
		DC55A82518B36AAA006214BF /* Build configuration list for PBXNativeTarget "QuizTests" */ = {
			isa = XCConfigurationList;
			buildConfigurations = (
				DC55A82618B36AAA006214BF /* Debug */,
				DC55A82718B36AAA006214BF /* Release */,
			);
			defaultConfigurationIsVisible = 0;
		};
/* End XCConfigurationList section */
	};
	rootObject = DC55A7E818B36AA9006214BF /* Project object */;
}
